# Windows x64 Python3.10 binary wheels; official PyPI snapshot 2026-09-12.
graphifyy==0.9.58 --hash=sha256:e239803288e91c723d6e30540860bd6d5a1dc3f0914b9fc1104b0233e98aaeb8
networkx==3.4.2 --hash=sha256:df5d4365b724cf81b8c6a7312509d0c22386097011ad1abe274afd5e9d3bbc5f
numpy==2.2.6 --hash=sha256:f0fd6321b839904e15c46e0d257fdd101dd7f530fe03fd6359c1ea63738703f3
rapidfuzz==3.14.5 --hash=sha256:f2073495a7f9b75e57e600747ac09510d67683fd64d3228e009740b7ef88f9fe
tomli==2.4.1 --hash=sha256:0d85819802132122da43cb86656f8d1f8c6587d54ae7dcaf30e90533028b49fe
tree-sitter-bash==0.25.1 --hash=sha256:52a6802d9218f86278aa3e8b459c3abdad67eed0fde1f9f13aca5b6c634217a6
tree-sitter-c-sharp==0.23.5 --hash=sha256:41a28cfa3d9ea50f5629e44550a03188c8fbd5079803dfc03554b6fd594b33fa
tree-sitter-c==0.24.2 --hash=sha256:abb549225091f7b25df2dd3a0143ece6e208f7055d8bcb4700b41ee79b9ef1e1
tree-sitter-cpp==0.23.4 --hash=sha256:68606a45bea92669d155399e1239f771a7767d8683cd8f8e30e7d813107030ca
tree-sitter-elixir==0.3.5 --hash=sha256:c0b5df229405d42ba5c94254d92e414b1f200be8422561d243ae5b3558e84f76
tree-sitter-fortran==0.6.0 --hash=sha256:cccd5bce1cdebcf34d3a130ecf4944bc409ddc93096317e3249838ffdaf927eb
tree-sitter-go==0.25.0 --hash=sha256:30d4ada57a223dfc2c32d942f44d284d40f3d1215ddcf108f96807fd36d53022
tree-sitter-groovy==0.1.2 --hash=sha256:bb8b20e2c92a18509ad3b830aeba9f5754778903e7dfd6999c3efb3c79c43d76
tree-sitter-java==0.23.5 --hash=sha256:1ee45e790f8d31d416bc84a09dac2e2c6bc343e89b8a2e1d550513498eedfde7
tree-sitter-javascript==0.25.0 --hash=sha256:e5ed840f5bd4a3f0272e441d19429b26eedc257abe5574c8546da6b556865e3c
tree-sitter-json==0.24.8 --hash=sha256:e4849a03cd7197267b2688a4506a90a13568a8e0e8588080bd0212fcb38974e3
tree-sitter-julia==0.23.1 --hash=sha256:13031aa4c9ac7d0665aa3ecd9fbc6f9c6afd601c68f6ae67a8eeaca01465aeed
tree-sitter-kotlin==1.1.0 --hash=sha256:d4d3f330f515ba8b91da04a5335eb9ff3ce071c7b7855958912f2560f6e14976
tree-sitter-lua==0.5.0 --hash=sha256:ace3dd61218124ee08410a55601cb5fbbb00be3ee004b30e705cef9ef25165a9
tree-sitter-objc==3.0.2 --hash=sha256:f3c93e991a86e96b8996cc735a4b31b38c65820913bf5a96904d07a51a8d9423
tree-sitter-php==0.24.1 --hash=sha256:1a1b65b72a8410d421f914ee13d38fd546a94d01cb834f69b27c78ba7589a5b5
tree-sitter-powershell==0.26.4 --hash=sha256:702eadf70ec8b1fd0bbf9b4169ed58f0ee0bcab333e5103e97c0f562be299088
tree-sitter-python==0.25.0 --hash=sha256:9bcde33f18792de54ee579b00e1b4fe186b7926825444766f849bf7181793a76
tree-sitter-ruby==0.23.1 --hash=sha256:02e2c19ebefe29226c14aa63e11e291d990f5b5c20a99940ab6e7eda44e744e5
tree-sitter-rust==0.24.2 --hash=sha256:4529c125d928882ddfb879fdc6bc0704913261ecc078b6fa7902559e0daf200d
tree-sitter-scala==0.26.2 --hash=sha256:eba630fc41cee1093005883fa70e275ecb26351e3ca6471ac2f6f83779478d07
tree-sitter-swift==0.7.3 --hash=sha256:4b1de6122cbd82b2cea6d3a295f9f5f9297601b829061119e161da17a7ba7d17
tree-sitter-typescript==0.23.2 --hash=sha256:3f730b66396bc3e11811e4465c41ee45d9e9edd6de355a58bbbc49fa770da8f9
tree-sitter-verilog==1.0.3 --hash=sha256:da82da153a8d515941da26d84d51b6b79d0fe42d0a0de19845562c3b1dd091c1
tree-sitter-zig==1.1.2 --hash=sha256:7b94f00a0e69231ac4ebf0aa763734b9b5637e0ff13634ebfe6d13fadece71e9
tree-sitter==0.25.2 --hash=sha256:7712335855b2307a21ae86efe949c76be36c6068d76df34faa27ce9ee40ff444
